
Microsoft Visual Studio Solution File, Format Version 12.00
# Visual Studio 2013
VisualStudioVersion = 12.0.31101.0
MinimumVisualStudioVersion = 10.0.40219.1
Project("{FAE04EC0-301F-11D3-BF4B-00C04F79EFBC}") = "PaperGameMDK", "PaperGameMDK\PaperGameMDK.csproj", "{9CBA579E-4B14-45DF-8470-E537712AEC30}"
EndProject
Project("{FAE04EC0-301F-11D3-BF4B-00C04F79EFBC}") = "wcf_serverPaper", "wcf_serverPaper\wcf_serverPaper.csproj", "{3BB64134-D534-4EAC-9A71-7BD4FE002498}"
EndProject
Project("{FAE04EC0-301F-11D3-BF4B-00C04F79EFBC}") = "ServerPaper", "ServerPaper\ServerPaper.csproj", "{C2866571-445E-4514-8F35-84B8B04F33A9}"
EndProject
Global
	GlobalSection(SolutionConfigurationPlatforms) = preSolution
		Debug|Any CPU = Debug|Any CPU
		Release|Any CPU = Release|Any CPU
	EndGlobalSection
	GlobalSection(ProjectConfigurationPlatforms) = postSolution
		{9CBA579E-4B14-45DF-8470-E537712AEC30}.Debug|Any CPU.ActiveCfg = Debug|Any CPU
		{9CBA579E-4B14-45DF-8470-E537712AEC30}.Debug|Any CPU.Build.0 = Debug|Any CPU
		{9CBA579E-4B14-45DF-8470-E537712AEC30}.Release|Any CPU.ActiveCfg = Release|Any CPU
		{9CBA579E-4B14-45DF-8470-E537712AEC30}.Release|Any CPU.Build.0 = Release|Any CPU
		{3BB64134-D534-4EAC-9A71-7BD4FE002498}.Debug|Any CPU.ActiveCfg = Debug|Any CPU
		{3BB64134-D534-4EAC-9A71-7BD4FE002498}.Debug|Any CPU.Build.0 = Debug|Any CPU
		{3BB64134-D534-4EAC-9A71-7BD4FE002498}.Release|Any CPU.ActiveCfg = Release|Any CPU
		{3BB64134-D534-4EAC-9A71-7BD4FE002498}.Release|Any CPU.Build.0 = Release|Any CPU
		{C2866571-445E-4514-8F35-84B8B04F33A9}.Debug|Any CPU.ActiveCfg = Debug|Any CPU
		{C2866571-445E-4514-8F35-84B8B04F33A9}.Debug|Any CPU.Build.0 = Debug|Any CPU
		{C2866571-445E-4514-8F35-84B8B04F33A9}.Release|Any CPU.ActiveCfg = Release|Any CPU
		{C2866571-445E-4514-8F35-84B8B04F33A9}.Release|Any CPU.Build.0 = Release|Any CPU
	EndGlobalSection
	GlobalSection(SolutionProperties) = preSolution
		HideSolutionNode = FALSE
	EndGlobalSection
EndGlobal
